
Microsoft Visual Studio Solution File, Format Version 12.00
# Visual Studio Version 17
VisualStudioVersion = 17.11.35327.3
MinimumVisualStudioVersion = 10.0.40219.1
Project("{FAE04EC0-301F-11D3-BF4B-00C04F79EFBC}") = "PROYECTO-FINAL", "PROYECTO-FINAL.csproj", "{4A364AFF-129D-448A-910F-A071DB322D1A}"
EndProject
Global
	GlobalSection(SolutionConfigurationPlatforms) = preSolution
		Debug|Any CPU = Debug|Any CPU
		Release|Any CPU = Release|Any CPU
	EndGlobalSection
	GlobalSection(ProjectConfigurationPlatforms) = postSolution
		{4A364AFF-129D-448A-910F-A071DB322D1A}.Debug|Any CPU.ActiveCfg = Debug|Any CPU
		{4A364AFF-129D-448A-910F-A071DB322D1A}.Debug|Any CPU.Build.0 = Debug|Any CPU
		{4A364AFF-129D-448A-910F-A071DB322D1A}.Release|Any CPU.ActiveCfg = Release|Any CPU
		{4A364AFF-129D-448A-910F-A071DB322D1A}.Release|Any CPU.Build.0 = Release|Any CPU
	EndGlobalSection
	GlobalSection(SolutionProperties) = preSolution
		HideSolutionNode = FALSE
	EndGlobalSection
	GlobalSection(ExtensibilityGlobals) = postSolution
		SolutionGuid = {1397DA03-453E-4CA6-A92B-670046B0C6C5}
	EndGlobalSection
EndGlobal
